
Microsoft Visual Studio Solution File, Format Version 12.00
# Visual Studio Version 17
VisualStudioVersion = 17.5.002.0
MinimumVisualStudioVersion = 10.0.40219.1
Project("{9A19103F-16F7-4668-BE54-9A1E7A4F7556}") = "MyProject1", "MyProject1.csproj", "{0868C5FC-D0D2-4720-9E1D-B988E30C6BFA}"
EndProject
Global
	GlobalSection(SolutionConfigurationPlatforms) = preSolution
		Debug|Any CPU = Debug|Any CPU
		Release|Any CPU = Release|Any CPU
	EndGlobalSection
	GlobalSection(ProjectConfigurationPlatforms) = postSolution
		{0868C5FC-D0D2-4720-9E1D-B988E30C6BFA}.Debug|Any CPU.ActiveCfg = Debug|Any CPU
		{0868C5FC-D0D2-4720-9E1D-B988E30C6BFA}.Debug|Any CPU.Build.0 = Debug|Any CPU
		{0868C5FC-D0D2-4720-9E1D-B988E30C6BFA}.Release|Any CPU.ActiveCfg = Release|Any CPU
		{0868C5FC-D0D2-4720-9E1D-B988E30C6BFA}.Release|Any CPU.Build.0 = Release|Any CPU
	EndGlobalSection
	GlobalSection(SolutionProperties) = preSolution
		HideSolutionNode = FALSE
	EndGlobalSection
	GlobalSection(ExtensibilityGlobals) = postSolution
		SolutionGuid = {2A8B09C8-9042-453B-8453-5AA0833DAF6A}
	EndGlobalSection
EndGlobal
